
Microsoft Visual Studio Solution File, Format Version 12.00
# Visual Studio Version 16
VisualStudioVersion = 16.0.30517.126
MinimumVisualStudioVersion = 10.0.40219.1
Project("{FAE04EC0-301F-11D3-BF4B-00C04F79EFBC}") = "RazorPagesIntro", "RazorPagesUI\RazorPagesIntro.csproj", "{5B621663-58A9-4AFD-AD8F-CB0C5A10A85D}"
EndProject
Global
	GlobalSection(SolutionConfigurationPlatforms) = preSolution
		Debug|Any CPU = Debug|Any CPU
		Release|Any CPU = Release|Any CPU
	EndGlobalSection
	GlobalSection(ProjectConfigurationPlatforms) = postSolution
		{5B621663-58A9-4AFD-AD8F-CB0C5A10A85D}.Debug|Any CPU.ActiveCfg = Debug|Any CPU
		{5B621663-58A9-4AFD-AD8F-CB0C5A10A85D}.Debug|Any CPU.Build.0 = Debug|Any CPU
		{5B621663-58A9-4AFD-AD8F-CB0C5A10A85D}.Release|Any CPU.ActiveCfg = Release|Any CPU
		{5B621663-58A9-4AFD-AD8F-CB0C5A10A85D}.Release|Any CPU.Build.0 = Release|Any CPU
	EndGlobalSection
	GlobalSection(SolutionProperties) = preSolution
		HideSolutionNode = FALSE
	EndGlobalSection
	GlobalSection(ExtensibilityGlobals) = postSolution
		SolutionGuid = {5702CDC0-7326-4D51-93F1-80AF57864919}
	EndGlobalSection
EndGlobal
