
Microsoft Visual Studio Solution File, Format Version 12.00
# Visual Studio Version 16
VisualStudioVersion = 16.0.30517.126
MinimumVisualStudioVersion = 10.0.40219.1
Project("{FAE04EC0-301F-11D3-BF4B-00C04F79EFBC}") = "UDPClient", "ConsoleApp1\UDPClient.csproj", "{2A66AA47-A7BC-4D5A-97A0-9AA5E94224D2}"
EndProject
Global
	GlobalSection(SolutionConfigurationPlatforms) = preSolution
		Debug|Any CPU = Debug|Any CPU
		Release|Any CPU = Release|Any CPU
	EndGlobalSection
	GlobalSection(ProjectConfigurationPlatforms) = postSolution
		{2A66AA47-A7BC-4D5A-97A0-9AA5E94224D2}.Debug|Any CPU.ActiveCfg = Debug|Any CPU
		{2A66AA47-A7BC-4D5A-97A0-9AA5E94224D2}.Debug|Any CPU.Build.0 = Debug|Any CPU
		{2A66AA47-A7BC-4D5A-97A0-9AA5E94224D2}.Release|Any CPU.ActiveCfg = Release|Any CPU
		{2A66AA47-A7BC-4D5A-97A0-9AA5E94224D2}.Release|Any CPU.Build.0 = Release|Any CPU
	EndGlobalSection
	GlobalSection(SolutionProperties) = preSolution
		HideSolutionNode = FALSE
	EndGlobalSection
	GlobalSection(ExtensibilityGlobals) = postSolution
		SolutionGuid = {948E3027-0C31-47E7-BD3F-79C111D99B3E}
	EndGlobalSection
EndGlobal
