
Microsoft Visual Studio Solution File, Format Version 12.00
# Visual Studio Version 16
VisualStudioVersion = 16.0.30517.126
MinimumVisualStudioVersion = 10.0.40219.1
Project("{FAE04EC0-301F-11D3-BF4B-00C04F79EFBC}") = "ExceptionHanding", "ExceptionHanding\ExceptionHanding.csproj", "{D61FC080-F969-4F68-A7EA-909C7A782A59}"
EndProject
Project("{FAE04EC0-301F-11D3-BF4B-00C04F79EFBC}") = "Collections", "Collections\Collections.csproj", "{4FBE25F1-0C55-454B-928B-3BB020E65DC5}"
EndProject
Global
	GlobalSection(SolutionConfigurationPlatforms) = preSolution
		Debug|Any CPU = Debug|Any CPU
		Release|Any CPU = Release|Any CPU
	EndGlobalSection
	GlobalSection(ProjectConfigurationPlatforms) = postSolution
		{D61FC080-F969-4F68-A7EA-909C7A782A59}.Debug|Any CPU.ActiveCfg = Debug|Any CPU
		{D61FC080-F969-4F68-A7EA-909C7A782A59}.Debug|Any CPU.Build.0 = Debug|Any CPU
		{D61FC080-F969-4F68-A7EA-909C7A782A59}.Release|Any CPU.ActiveCfg = Release|Any CPU
		{D61FC080-F969-4F68-A7EA-909C7A782A59}.Release|Any CPU.Build.0 = Release|Any CPU
		{4FBE25F1-0C55-454B-928B-3BB020E65DC5}.Debug|Any CPU.ActiveCfg = Debug|Any CPU
		{4FBE25F1-0C55-454B-928B-3BB020E65DC5}.Debug|Any CPU.Build.0 = Debug|Any CPU
		{4FBE25F1-0C55-454B-928B-3BB020E65DC5}.Release|Any CPU.ActiveCfg = Release|Any CPU
		{4FBE25F1-0C55-454B-928B-3BB020E65DC5}.Release|Any CPU.Build.0 = Release|Any CPU
	EndGlobalSection
	GlobalSection(SolutionProperties) = preSolution
		HideSolutionNode = FALSE
	EndGlobalSection
	GlobalSection(ExtensibilityGlobals) = postSolution
		SolutionGuid = {522FF2DD-687E-4B3D-9358-04A5F3C3BB4D}
	EndGlobalSection
EndGlobal
