
Microsoft Visual Studio Solution File, Format Version 12.00
# Visual Studio Version 16
VisualStudioVersion = 16.0.30611.23
MinimumVisualStudioVersion = 10.0.40219.1
Project("{FAE04EC0-301F-11D3-BF4B-00C04F79EFBC}") = "Reactive", "Reactive\Reactive.csproj", "{824AE47E-CAA4-4E65-8A98-448AA4BEEB9C}"
EndProject
Global
	GlobalSection(SolutionConfigurationPlatforms) = preSolution
		Debug|Any CPU = Debug|Any CPU
		Release|Any CPU = Release|Any CPU
	EndGlobalSection
	GlobalSection(ProjectConfigurationPlatforms) = postSolution
		{824AE47E-CAA4-4E65-8A98-448AA4BEEB9C}.Debug|Any CPU.ActiveCfg = Debug|Any CPU
		{824AE47E-CAA4-4E65-8A98-448AA4BEEB9C}.Debug|Any CPU.Build.0 = Debug|Any CPU
		{824AE47E-CAA4-4E65-8A98-448AA4BEEB9C}.Release|Any CPU.ActiveCfg = Release|Any CPU
		{824AE47E-CAA4-4E65-8A98-448AA4BEEB9C}.Release|Any CPU.Build.0 = Release|Any CPU
	EndGlobalSection
	GlobalSection(SolutionProperties) = preSolution
		HideSolutionNode = FALSE
	EndGlobalSection
	GlobalSection(ExtensibilityGlobals) = postSolution
		SolutionGuid = {54620984-F038-47F0-8E40-FA39C6509F73}
	EndGlobalSection
EndGlobal
