
Microsoft Visual Studio Solution File, Format Version 12.00
# Visual Studio Version 16
VisualStudioVersion = 16.0.30517.126
MinimumVisualStudioVersion = 10.0.40219.1
Project("{FAE04EC0-301F-11D3-BF4B-00C04F79EFBC}") = "Delegatess", "Delegatess\Delegatess.csproj", "{FD2F8795-5493-495C-8487-40C29EF02CC1}"
EndProject
Project("{FAE04EC0-301F-11D3-BF4B-00C04F79EFBC}") = "PredicateDelegates", "PredicateDelegates\PredicateDelegates.csproj", "{6D4375D9-49DC-4DBB-82D2-735042DA2E2C}"
EndProject
Project("{FAE04EC0-301F-11D3-BF4B-00C04F79EFBC}") = "Collection", "Collection\Collection.csproj", "{AE32E2CB-6C7A-4379-9BD9-BC2A1E251852}"
EndProject
Global
	GlobalSection(SolutionConfigurationPlatforms) = preSolution
		Debug|Any CPU = Debug|Any CPU
		Release|Any CPU = Release|Any CPU
	EndGlobalSection
	GlobalSection(ProjectConfigurationPlatforms) = postSolution
		{FD2F8795-5493-495C-8487-40C29EF02CC1}.Debug|Any CPU.ActiveCfg = Debug|Any CPU
		{FD2F8795-5493-495C-8487-40C29EF02CC1}.Debug|Any CPU.Build.0 = Debug|Any CPU
		{FD2F8795-5493-495C-8487-40C29EF02CC1}.Release|Any CPU.ActiveCfg = Release|Any CPU
		{FD2F8795-5493-495C-8487-40C29EF02CC1}.Release|Any CPU.Build.0 = Release|Any CPU
		{6D4375D9-49DC-4DBB-82D2-735042DA2E2C}.Debug|Any CPU.ActiveCfg = Debug|Any CPU
		{6D4375D9-49DC-4DBB-82D2-735042DA2E2C}.Debug|Any CPU.Build.0 = Debug|Any CPU
		{6D4375D9-49DC-4DBB-82D2-735042DA2E2C}.Release|Any CPU.ActiveCfg = Release|Any CPU
		{6D4375D9-49DC-4DBB-82D2-735042DA2E2C}.Release|Any CPU.Build.0 = Release|Any CPU
		{AE32E2CB-6C7A-4379-9BD9-BC2A1E251852}.Debug|Any CPU.ActiveCfg = Debug|Any CPU
		{AE32E2CB-6C7A-4379-9BD9-BC2A1E251852}.Debug|Any CPU.Build.0 = Debug|Any CPU
		{AE32E2CB-6C7A-4379-9BD9-BC2A1E251852}.Release|Any CPU.ActiveCfg = Release|Any CPU
		{AE32E2CB-6C7A-4379-9BD9-BC2A1E251852}.Release|Any CPU.Build.0 = Release|Any CPU
	EndGlobalSection
	GlobalSection(SolutionProperties) = preSolution
		HideSolutionNode = FALSE
	EndGlobalSection
	GlobalSection(ExtensibilityGlobals) = postSolution
		SolutionGuid = {ED7A5DD2-E8D6-43E3-B9E6-90FD4EB2835C}
	EndGlobalSection
EndGlobal
