
Microsoft Visual Studio Solution File, Format Version 12.00
# Visual Studio Version 16
VisualStudioVersion = 16.0.30517.126
MinimumVisualStudioVersion = 10.0.40219.1
Project("{FAE04EC0-301F-11D3-BF4B-00C04F79EFBC}") = "FirstCode", "FirstCode\FirstCode.csproj", "{C3F1FEF7-7D7C-458B-ADFE-CA7C991B6854}"
EndProject
Global
	GlobalSection(SolutionConfigurationPlatforms) = preSolution
		Debug|Any CPU = Debug|Any CPU
		Release|Any CPU = Release|Any CPU
	EndGlobalSection
	GlobalSection(ProjectConfigurationPlatforms) = postSolution
		{C3F1FEF7-7D7C-458B-ADFE-CA7C991B6854}.Debug|Any CPU.ActiveCfg = Debug|Any CPU
		{C3F1FEF7-7D7C-458B-ADFE-CA7C991B6854}.Debug|Any CPU.Build.0 = Debug|Any CPU
		{C3F1FEF7-7D7C-458B-ADFE-CA7C991B6854}.Release|Any CPU.ActiveCfg = Release|Any CPU
		{C3F1FEF7-7D7C-458B-ADFE-CA7C991B6854}.Release|Any CPU.Build.0 = Release|Any CPU
	EndGlobalSection
	GlobalSection(SolutionProperties) = preSolution
		HideSolutionNode = FALSE
	EndGlobalSection
	GlobalSection(ExtensibilityGlobals) = postSolution
		SolutionGuid = {33410D95-A40C-4456-9F0E-FDDBEFF9D669}
	EndGlobalSection
EndGlobal
